github.com/Fedodo/Fedodo.Docs.Theme v0.0.18 h1:x+1f1ZhHiL7cl4ZE2IRCfbNT+P23GSSXfkPtPR+iajA=
github.com/Fedodo/Fedodo.Docs.Theme v0.0.18/go.mod h1:ROj/HBmxg2Cy/zDGfh5xazVDOVvttUZoSMfC8xhApBs=
github.com/Fedodo/Fedodo.Docs.Theme v0.0.19 h1:4aS/V/qQn6AOMMc0UUt7DvEB1Se+4fbw9trazuxqb4w=
github.com/Fedodo/Fedodo.Docs.Theme v0.0.19/go.mod h1:TGZs/g/mrr5osFMnqIaoGI2wfxzML5zZnAG6EXpYRCk=
github.com/FortAwesome/Font-Awesome v0.0.0-20221115183454-96cafbd73ec4/go.mod h1:IUgezN/MFpCDIlFezw3L8j83oeiIuYoj28Miwr/KUYo=
github.com/FortAwesome/Font-Awesome v0.0.0-20230207192303-d02961b01815/go.mod h1:IUgezN/MFpCDIlFezw3L8j83oeiIuYoj28Miwr/KUYo=
github.com/FortAwesome/Font-Awesome v0.0.0-20230327165841-0698449d50f2/go.mod h1:IUgezN/MFpCDIlFezw3L8j83oeiIuYoj28Miwr/KUYo=
github.com/google/docsy/dependencies v0.6.1-0.20230125095517-798c2504905e/go.mod h1:qhtpynRkDn1FOmD1gj0a5n6ptDjDw0O4Zmb+6pfYUKU=
github.com/google/docsy/dependencies v0.7.1/go.mod h1:gihhs5gmgeO+wuoay4FwOzob+jYJVyQbNaQOh788lD4=
github.com/twbs/bootstrap v5.2.3+incompatible/go.mod h1:fZTSrkpSf0/HkL0IIJzvVspTt1r9zuf7XlZau8kpcY0=
